
Microsoft Visual Studio Solution File, Format Version 12.00
# Visual Studio 2015
Project("{FAE04EC0-301F-11D3-BF4B-00C04F79EFBC}") = "ProjectCV.CSharp", "ProjectCV.CSharp.csproj", "{673AB79F-74C5-F1EB-D364-FB6253D33727}"
EndProject
Global
	GlobalSection(SolutionConfigurationPlatforms) = preSolution
		Debug|Any CPU = Debug|Any CPU
		Release|Any CPU = Release|Any CPU
	EndGlobalSection
	GlobalSection(ProjectConfigurationPlatforms) = postSolution
		{673AB79F-74C5-F1EB-D364-FB6253D33727}.Debug|Any CPU.ActiveCfg = Debug|Any CPU
		{673AB79F-74C5-F1EB-D364-FB6253D33727}.Debug|Any CPU.Build.0 = Debug|Any CPU
		{673AB79F-74C5-F1EB-D364-FB6253D33727}.Release|Any CPU.ActiveCfg = Release|Any CPU
		{673AB79F-74C5-F1EB-D364-FB6253D33727}.Release|Any CPU.Build.0 = Release|Any CPU
	EndGlobalSection
	GlobalSection(SolutionProperties) = preSolution
		HideSolutionNode = FALSE
	EndGlobalSection
EndGlobal
